
Microsoft Visual Studio Solution File, Format Version 12.00
# Visual Studio Version 17
VisualStudioVersion = 17.9.34616.47
MinimumVisualStudioVersion = 10.0.40219.1
Project("{FAE04EC0-301F-11D3-BF4B-00C04F79EFBC}") = "BL", "BL\BL.csproj", "{04F53738-0345-4562-8C3E-473E2A063A95}"
EndProject
Project("{FAE04EC0-301F-11D3-BF4B-00C04F79EFBC}") = "DL", "DL\DL.csproj", "{C19AC4FD-9D7A-4848-B29A-EF93644144C2}"
EndProject
Project("{FAE04EC0-301F-11D3-BF4B-00C04F79EFBC}") = "UI", "UI\UI.csproj", "{EC1B3A61-4D9E-4B7D-B25F-CE24921E9059}"
EndProject
Global
	GlobalSection(SolutionConfigurationPlatforms) = preSolution
		Debug|Any CPU = Debug|Any CPU
		Release|Any CPU = Release|Any CPU
	EndGlobalSection
	GlobalSection(ProjectConfigurationPlatforms) = postSolution
		{04F53738-0345-4562-8C3E-473E2A063A95}.Debug|Any CPU.ActiveCfg = Debug|Any CPU
		{04F53738-0345-4562-8C3E-473E2A063A95}.Debug|Any CPU.Build.0 = Debug|Any CPU
		{04F53738-0345-4562-8C3E-473E2A063A95}.Release|Any CPU.ActiveCfg = Release|Any CPU
		{04F53738-0345-4562-8C3E-473E2A063A95}.Release|Any CPU.Build.0 = Release|Any CPU
		{C19AC4FD-9D7A-4848-B29A-EF93644144C2}.Debug|Any CPU.ActiveCfg = Debug|Any CPU
		{C19AC4FD-9D7A-4848-B29A-EF93644144C2}.Debug|Any CPU.Build.0 = Debug|Any CPU
		{C19AC4FD-9D7A-4848-B29A-EF93644144C2}.Release|Any CPU.ActiveCfg = Release|Any CPU
		{C19AC4FD-9D7A-4848-B29A-EF93644144C2}.Release|Any CPU.Build.0 = Release|Any CPU
		{EC1B3A61-4D9E-4B7D-B25F-CE24921E9059}.Debug|Any CPU.ActiveCfg = Debug|Any CPU
		{EC1B3A61-4D9E-4B7D-B25F-CE24921E9059}.Debug|Any CPU.Build.0 = Debug|Any CPU
		{EC1B3A61-4D9E-4B7D-B25F-CE24921E9059}.Release|Any CPU.ActiveCfg = Release|Any CPU
		{EC1B3A61-4D9E-4B7D-B25F-CE24921E9059}.Release|Any CPU.Build.0 = Release|Any CPU
	EndGlobalSection
	GlobalSection(SolutionProperties) = preSolution
		HideSolutionNode = FALSE
	EndGlobalSection
	GlobalSection(ExtensibilityGlobals) = postSolution
		SolutionGuid = {1241EB3A-451C-4C14-8A5A-D245CE6FC6D2}
	EndGlobalSection
EndGlobal
